
Microsoft Visual Studio Solution File, Format Version 12.00
# Visual Studio Version 16
VisualStudioVersion = 16.0.29609.76
MinimumVisualStudioVersion = 10.0.40219.1
Project("{9A19103F-16F7-4668-BE54-9A1E7A4F7556}") = "NVT", "NVT\NVT.csproj", "{A9ACD22F-E9B3-470B-BC6A-DC19BBBB3A42}"
EndProject
Project("{9A19103F-16F7-4668-BE54-9A1E7A4F7556}") = "NVT.lib", "NVT.lib\NVT.lib.csproj", "{A6259EDE-DCAC-40AA-BEE8-508544B63EB2}"
EndProject
Project("{9A19103F-16F7-4668-BE54-9A1E7A4F7556}") = "NVT.UnitTests", "NVT.UnitTests\NVT.UnitTests.csproj", "{63AF19FB-06A6-4621-B71C-5D8132CBC4C9}"
EndProject
Global
	GlobalSection(SolutionConfigurationPlatforms) = preSolution
		Debug|Any CPU = Debug|Any CPU
		Debug|x64 = Debug|x64
		Release|Any CPU = Release|Any CPU
		Release|x64 = Release|x64
	EndGlobalSection
	GlobalSection(ProjectConfigurationPlatforms) = postSolution
		{A9ACD22F-E9B3-470B-BC6A-DC19BBBB3A42}.Debug|Any CPU.ActiveCfg = Debug|Any CPU
		{A9ACD22F-E9B3-470B-BC6A-DC19BBBB3A42}.Debug|Any CPU.Build.0 = Debug|Any CPU
		{A9ACD22F-E9B3-470B-BC6A-DC19BBBB3A42}.Debug|x64.ActiveCfg = Debug|x64
		{A9ACD22F-E9B3-470B-BC6A-DC19BBBB3A42}.Debug|x64.Build.0 = Debug|x64
		{A9ACD22F-E9B3-470B-BC6A-DC19BBBB3A42}.Release|Any CPU.ActiveCfg = Release|Any CPU
		{A9ACD22F-E9B3-470B-BC6A-DC19BBBB3A42}.Release|Any CPU.Build.0 = Release|Any CPU
		{A9ACD22F-E9B3-470B-BC6A-DC19BBBB3A42}.Release|x64.ActiveCfg = Release|x64
		{A9ACD22F-E9B3-470B-BC6A-DC19BBBB3A42}.Release|x64.Build.0 = Release|x64
		{A6259EDE-DCAC-40AA-BEE8-508544B63EB2}.Debug|Any CPU.ActiveCfg = Debug|Any CPU
		{A6259EDE-DCAC-40AA-BEE8-508544B63EB2}.Debug|Any CPU.Build.0 = Debug|Any CPU
		{A6259EDE-DCAC-40AA-BEE8-508544B63EB2}.Debug|x64.ActiveCfg = Debug|x64
		{A6259EDE-DCAC-40AA-BEE8-508544B63EB2}.Debug|x64.Build.0 = Debug|x64
		{A6259EDE-DCAC-40AA-BEE8-508544B63EB2}.Release|Any CPU.ActiveCfg = Release|Any CPU
		{A6259EDE-DCAC-40AA-BEE8-508544B63EB2}.Release|Any CPU.Build.0 = Release|Any CPU
		{A6259EDE-DCAC-40AA-BEE8-508544B63EB2}.Release|x64.ActiveCfg = Release|Any CPU
		{A6259EDE-DCAC-40AA-BEE8-508544B63EB2}.Release|x64.Build.0 = Release|Any CPU
		{63AF19FB-06A6-4621-B71C-5D8132CBC4C9}.Debug|Any CPU.ActiveCfg = Debug|Any CPU
		{63AF19FB-06A6-4621-B71C-5D8132CBC4C9}.Debug|Any CPU.Build.0 = Debug|Any CPU
		{63AF19FB-06A6-4621-B71C-5D8132CBC4C9}.Debug|x64.ActiveCfg = Debug|Any CPU
		{63AF19FB-06A6-4621-B71C-5D8132CBC4C9}.Debug|x64.Build.0 = Debug|Any CPU
		{63AF19FB-06A6-4621-B71C-5D8132CBC4C9}.Release|Any CPU.ActiveCfg = Release|Any CPU
		{63AF19FB-06A6-4621-B71C-5D8132CBC4C9}.Release|Any CPU.Build.0 = Release|Any CPU
		{63AF19FB-06A6-4621-B71C-5D8132CBC4C9}.Release|x64.ActiveCfg = Release|Any CPU
		{63AF19FB-06A6-4621-B71C-5D8132CBC4C9}.Release|x64.Build.0 = Release|Any CPU
	EndGlobalSection
	GlobalSection(SolutionProperties) = preSolution
		HideSolutionNode = FALSE
	EndGlobalSection
	GlobalSection(ExtensibilityGlobals) = postSolution
		SolutionGuid = {5BB382AC-AB60-4414-AE65-8901611A8818}
	EndGlobalSection
EndGlobal
